
Microsoft Visual Studio Solution File, Format Version 12.00
# Visual Studio Version 16
VisualStudioVersion = 16.0.29613.14
MinimumVisualStudioVersion = 10.0.40219.1
Project("{FAE04EC0-301F-11D3-BF4B-00C04F79EFBC}") = "Labs", "Labs.csproj", "{6AD7475D-7A82-4CC6-A8B4-A6C8C52624A9}"
EndProject
Global
	GlobalSection(SolutionConfigurationPlatforms) = preSolution
		Debug|Any CPU = Debug|Any CPU
		Release|Any CPU = Release|Any CPU
	EndGlobalSection
	GlobalSection(ProjectConfigurationPlatforms) = postSolution
		{6AD7475D-7A82-4CC6-A8B4-A6C8C52624A9}.Debug|Any CPU.ActiveCfg = Debug|Any CPU
		{6AD7475D-7A82-4CC6-A8B4-A6C8C52624A9}.Debug|Any CPU.Build.0 = Debug|Any CPU
		{6AD7475D-7A82-4CC6-A8B4-A6C8C52624A9}.Release|Any CPU.ActiveCfg = Release|Any CPU
		{6AD7475D-7A82-4CC6-A8B4-A6C8C52624A9}.Release|Any CPU.Build.0 = Release|Any CPU
	EndGlobalSection
	GlobalSection(SolutionProperties) = preSolution
		HideSolutionNode = FALSE
	EndGlobalSection
	GlobalSection(ExtensibilityGlobals) = postSolution
		SolutionGuid = {72ABBB2E-A068-4F2D-B1EE-2F525A572CCB}
	EndGlobalSection
EndGlobal
